Microsoft Visual Studio Solution File, Format Version 9.00
# Visual Studio 2005
Project("{8BC9CEB8-8B4A-11D0-8D11-00A0C91BC942}") = "Invert_2005", "Invert_2005.vcproj", "{03B9C6AD-426C-4DEA-A73E-E25CDC2FEA73}"
EndProject
Global
	GlobalSection(SolutionConfigurationPlatforms) = preSolution
		Debug|Win32 = Debug|Win32
		Release|Win32 = Release|Win32
	EndGlobalSection
	GlobalSection(ProjectConfigurationPlatforms) = postSolution
		{03B9C6AD-426C-4DEA-A73E-E25CDC2FEA73}.Debug|Win32.ActiveCfg = Debug|Win32
		{03B9C6AD-426C-4DEA-A73E-E25CDC2FEA73}.Debug|Win32.Build.0 = Debug|Win32
		{03B9C6AD-426C-4DEA-A73E-E25CDC2FEA73}.Release|Win32.ActiveCfg = Release|Win32
		{03B9C6AD-426C-4DEA-A73E-E25CDC2FEA73}.Release|Win32.Build.0 = Release|Win32
	EndGlobalSection
	GlobalSection(SolutionProperties) = preSolution
		HideSolutionNode = FALSE
	EndGlobalSection
EndGlobal
